
Microsoft Visual Studio Solution File, Format Version 12.00
# Visual Studio 15
VisualStudioVersion = 15.0.28307.106
MinimumVisualStudioVersion = 10.0.40219.1
Project("{9A19103F-16F7-4668-BE54-9A1E7A4F7556}") = "ProgrammerEvolution", "ProgrammerEvolution\ProgrammerEvolution.csproj", "{032EBF8D-7395-4997-8BB0-E87228553F28}"
EndProject
Project("{2150E333-8FDC-42A3-9474-1A3956D46DE8}") = "docs", "docs", "{FD14D8C0-3F4C-4629-B2E8-D660C124210D}"
	ProjectSection(SolutionItems) = preProject
		..\.gitignore = ..\.gitignore
		..\LICENSE = ..\LICENSE
		..\README.md = ..\README.md
	EndProjectSection
EndProject
Global
	GlobalSection(SolutionConfigurationPlatforms) = preSolution
		Debug|Any CPU = Debug|Any CPU
		Release|Any CPU = Release|Any CPU
	EndGlobalSection
	GlobalSection(ProjectConfigurationPlatforms) = postSolution
		{032EBF8D-7395-4997-8BB0-E87228553F28}.Debug|Any CPU.ActiveCfg = Debug|Any CPU
		{032EBF8D-7395-4997-8BB0-E87228553F28}.Debug|Any CPU.Build.0 = Debug|Any CPU
		{032EBF8D-7395-4997-8BB0-E87228553F28}.Release|Any CPU.ActiveCfg = Release|Any CPU
		{032EBF8D-7395-4997-8BB0-E87228553F28}.Release|Any CPU.Build.0 = Release|Any CPU
	EndGlobalSection
	GlobalSection(SolutionProperties) = preSolution
		HideSolutionNode = FALSE
	EndGlobalSection
	GlobalSection(ExtensibilityGlobals) = postSolution
		SolutionGuid = {670A54F4-6FEA-4E9A-9B08-637598CFD66F}
	EndGlobalSection
EndGlobal
